
Microsoft Visual Studio Solution File, Format Version 12.00
# Visual Studio Version 16
VisualStudioVersion = 16.0.31019.35
MinimumVisualStudioVersion = 10.0.40219.1
Project("{FAE04EC0-301F-11D3-BF4B-00C04F79EFBC}") = "lab4_2", "lab4_2\lab4_2.csproj", "{F86DEF30-89FC-47CA-BA8B-355C1B012C77}"
EndProject
Global
	GlobalSection(SolutionConfigurationPlatforms) = preSolution
		Debug|Any CPU = Debug|Any CPU
		Release|Any CPU = Release|Any CPU
	EndGlobalSection
	GlobalSection(ProjectConfigurationPlatforms) = postSolution
		{F86DEF30-89FC-47CA-BA8B-355C1B012C77}.Debug|Any CPU.ActiveCfg = Debug|Any CPU
		{F86DEF30-89FC-47CA-BA8B-355C1B012C77}.Debug|Any CPU.Build.0 = Debug|Any CPU
		{F86DEF30-89FC-47CA-BA8B-355C1B012C77}.Release|Any CPU.ActiveCfg = Release|Any CPU
		{F86DEF30-89FC-47CA-BA8B-355C1B012C77}.Release|Any CPU.Build.0 = Release|Any CPU
	EndGlobalSection
	GlobalSection(SolutionProperties) = preSolution
		HideSolutionNode = FALSE
	EndGlobalSection
	GlobalSection(ExtensibilityGlobals) = postSolution
		SolutionGuid = {332D33CF-D37B-4AEE-A90B-37D0C7BF61B6}
	EndGlobalSection
EndGlobal
